// !$*UTF8*$!
{
	archiveVersion = 1;
	classes = {
	};
	objectVersion = 50;
	objects = {

/* Begin PBXBuildFile section */
		0E2C00F8250A266A00D4FE8F /* AppDelegate.swift in Sources */ = {isa = PBXBuildFile; fileRef = 0E2C00F7250A266A00D4FE8F /* AppDelegate.swift */; };
		0E2C00FA250A266A00D4FE8F /* SceneDelegate.swift in Sources */ = {isa = PBXBuildFile; fileRef = 0E2C00F9250A266A00D4FE8F /* SceneDelegate.swift */; };
		0E2C00FC250A266A00D4FE8F /* ViewController.swift in Sources */ = {isa = PBXBuildFile; fileRef = 0E2C00FB250A266A00D4FE8F /* ViewController.swift */; };
		0E2C00FF250A266A00D4FE8F /* Main.storyboard in Resources */ = {isa = PBXBuildFile; fileRef = 0E2C00FD250A266A00D4FE8F /* Main.storyboard */; };
		0E2C0101250A266C00D4FE8F /* Assets.xcassets in Resources */ = {isa = PBXBuildFile; fileRef = 0E2C0100250A266C00D4FE8F /* Assets.xcassets */; };
		0E2C0104250A266C00D4FE8F /* LaunchScreen.storyboard in Resources */ = {isa = PBXBuildFile; fileRef = 0E2C0102250A266C00D4FE8F /* LaunchScreen.storyboard */; };
		0E2C010F250A266C00D4FE8F /* abemaTVsampleTests.swift in Sources */ = {isa = PBXBuildFile; fileRef = 0E2C010E250A266C00D4FE8F /* abemaTVsampleTests.swift */; };
		0E2C011A250A266C00D4FE8F /* abemaTVsampleUITests.swift in Sources */ = {isa = PBXBuildFile; fileRef = 0E2C0119250A266C00D4FE8F /* abemaTVsampleUITests.swift */; };
/* End PBXBuildFile section */

/* Begin PBXContainerItemProxy section */
		0E2C010B250A266C00D4FE8F /* PBXContainerItemProxy */ = {
			isa = PBXContainerItemProxy;
			containerPortal = 0E2C00EC250A266A00D4FE8F /* Project object */;
			proxyType = 1;
			remoteGlobalIDString = 0E2C00F3250A266A00D4FE8F;
			remoteInfo = abemaTVsample;
		};
		0E2C0116250A266C00D4FE8F /* PBXContainerItemProxy */ = {
			isa = PBXContainerItemProxy;
			containerPortal = 0E2C00EC250A266A00D4FE8F /* Project object */;
			proxyType = 1;
			remoteGlobalIDString = 0E2C00F3250A266A00D4FE8F;
			remoteInfo = abemaTVsample;
		};
/* End PBXContainerItemProxy section */

/* Begin PBXFileReference section */
		0E2C00F4250A266A00D4FE8F /* abemaTVsample.app */ = {isa = PBXFileReference; explicitFileType = wrapper.application; includeInIndex = 0; path = abemaTVsample.app; sourceTree = BUILT_PRODUCTS_DIR; };
		0E2C00F7250A266A00D4FE8F /* AppDelegate.swift */ = {isa = PBXFileReference; lastKnownFileType = sourcecode.swift; path = AppDelegate.swift; sourceTree = "<group>"; };
		0E2C00F9250A266A00D4FE8F /* SceneDelegate.swift */ = {isa = PBXFileReference; lastKnownFileType = sourcecode.swift; path = SceneDelegate.swift; sourceTree = "<group>"; };
		0E2C00FB250A266A00D4FE8F /* ViewController.swift */ = {isa = PBXFileReference; lastKnownFileType = sourcecode.swift; path = ViewController.swift; sourceTree = "<group>"; };
		0E2C00FE250A266A00D4FE8F /* Base */ = {isa = PBXFileReference; lastKnownFileType = file.storyboard; name = Base; path = Base.lproj/Main.storyboard; sourceTree = "<group>"; };
		0E2C0100250A266C00D4FE8F /* Assets.xcassets */ = {isa = PBXFileReference; lastKnownFileType = folder.assetcatalog; path = Assets.xcassets; sourceTree = "<group>"; };
		0E2C0103250A266C00D4FE8F /* Base */ = {isa = PBXFileReference; lastKnownFileType = file.storyboard; name = Base; path = Base.lproj/LaunchScreen.storyboard; sourceTree = "<group>"; };
		0E2C0105250A266C00D4FE8F /* Info.plist */ = {isa = PBXFileReference; lastKnownFileType = text.plist.xml; path = Info.plist; sourceTree = "<group>"; };
		0E2C010A250A266C00D4FE8F /* abemaTVsampleTests.xctest */ = {isa = PBXFileReference; explicitFileType = wrapper.cfbundle; includeInIndex = 0; path = abemaTVsampleTests.xctest; sourceTree = BUILT_PRODUCTS_DIR; };
		0E2C010E250A266C00D4FE8F /* abemaTVsampleTests.swift */ = {isa = PBXFileReference; lastKnownFileType = sourcecode.swift; path = abemaTVsampleTests.swift; sourceTree = "<group>"; };
		0E2C0110250A266C00D4FE8F /* Info.plist */ = {isa = PBXFileReference; lastKnownFileType = text.plist.xml; path = Info.plist; sourceTree = "<group>"; };
		0E2C0115250A266C00D4FE8F /* abemaTVsampleUITests.xctest */ = {isa = PBXFileReference; explicitFileType = wrapper.cfbundle; includeInIndex = 0; path = abemaTVsampleUITests.xctest; sourceTree = BUILT_PRODUCTS_DIR; };
		0E2C0119250A266C00D4FE8F /* abemaTVsampleUITests.swift */ = {isa = PBXFileReference; lastKnownFileType = sourcecode.swift; path = abemaTVsampleUITests.swift; sourceTree = "<group>"; };
		0E2C011B250A266C00D4FE8F /* Info.plist */ = {isa = PBXFileReference; lastKnownFileType = text.plist.xml; path = Info.plist; sourceTree = "<group>"; };
/* End PBXFileReference section */

/* Begin PBXFrameworksBuildPhase section */
		0E2C00F1250A266A00D4FE8F /* Frameworks */ = {
			isa = PBXFrameworksBuildPhase;
			buildActionMask = 2147483647;
			files = (
			);
			runOnlyForDeploymentPostprocessing = 0;
		};
		0E2C0107250A266C00D4FE8F /* Frameworks */ = {
			isa = PBXFrameworksBuildPhase;
			buildActionMask = 2147483647;
			files = (
			);
			runOnlyForDeploymentPostprocessing = 0;
		};
		0E2C0112250A266C00D4FE8F /* Frameworks */ = {
			isa = PBXFrameworksBuildPhase;
			buildActionMask = 2147483647;
			files = (
			);
			runOnlyForDeploymentPostprocessing = 0;
		};
/* End PBXFrameworksBuildPhase section */

/* Begin PBXGroup section */
		0E2C00EB250A266A00D4FE8F = {
			isa = PBXGroup;
			children = (
				0E2C00F6250A266A00D4FE8F /* abemaTVsample */,
				0E2C010D250A266C00D4FE8F /* abemaTVsampleTests */,
				0E2C0118250A266C00D4FE8F /* abemaTVsampleUITests */,
				0E2C00F5250A266A00D4FE8F /* Products */,
			);
			sourceTree = "<group>";
		};
		0E2C00F5250A266A00D4FE8F /* Products */ = {
			isa = PBXGroup;
			children = (
				0E2C00F4250A266A00D4FE8F /* abemaTVsample.app */,
				0E2C010A250A266C00D4FE8F /* abemaTVsampleTests.xctest */,
				0E2C0115250A266C00D4FE8F /* abemaTVsampleUITests.xctest */,
			);
			name = Products;
			sourceTree = "<group>";
		};
		0E2C00F6250A266A00D4FE8F /* abemaTVsample */ = {
			isa = PBXGroup;
			children = (
				0E2C00F7250A266A00D4FE8F /* AppDelegate.swift */,
				0E2C00F9250A266A00D4FE8F /* SceneDelegate.swift */,
				0E2C00FB250A266A00D4FE8F /* ViewController.swift */,
				0E2C00FD250A266A00D4FE8F /* Main.storyboard */,
				0E2C0100250A266C00D4FE8F /* Assets.xcassets */,
				0E2C0102250A266C00D4FE8F /* LaunchScreen.storyboard */,
				0E2C0105250A266C00D4FE8F /* Info.plist */,
			);
			path = abemaTVsample;
			sourceTree = "<group>";
		};
		0E2C010D250A266C00D4FE8F /* abemaTVsampleTests */ = {
			isa = PBXGroup;
			children = (
				0E2C010E250A266C00D4FE8F /* abemaTVsampleTests.swift */,
				0E2C0110250A266C00D4FE8F /* Info.plist */,
			);
			path = abemaTVsampleTests;
			sourceTree = "<group>";
		};
		0E2C0118250A266C00D4FE8F /* abemaTVsampleUITests */ = {
			isa = PBXGroup;
			children = (
				0E2C0119250A266C00D4FE8F /* abemaTVsampleUITests.swift */,
				0E2C011B250A266C00D4FE8F /* Info.plist */,
			);
			path = abemaTVsampleUITests;
			sourceTree = "<group>";
		};
/* End PBXGroup section */

/* Begin PBXNativeTarget section */
		0E2C00F3250A266A00D4FE8F /* abemaTVsample */ = {
			isa = PBXNativeTarget;
			buildConfigurationList = 0E2C011E250A266C00D4FE8F /* Build configuration list for PBXNativeTarget "abemaTVsample" */;
			buildPhases = (
				0E2C00F0250A266A00D4FE8F /* Sources */,
				0E2C00F1250A266A00D4FE8F /* Frameworks */,
				0E2C00F2250A266A00D4FE8F /* Resources */,
			);
			buildRules = (
			);
			dependencies = (
			);
			name = abemaTVsample;
			productName = abemaTVsample;
			productReference = 0E2C00F4250A266A00D4FE8F /* abemaTVsample.app */;
			productType = "com.apple.product-type.application";
		};
		0E2C0109250A266C00D4FE8F /* abemaTVsampleTests */ = {
			isa = PBXNativeTarget;
			buildConfigurationList = 0E2C0121250A266C00D4FE8F /* Build configuration list for PBXNativeTarget "abemaTVsampleTests" */;
			buildPhases = (
				0E2C0106250A266C00D4FE8F /* Sources */,
				0E2C0107250A266C00D4FE8F /* Frameworks */,
				0E2C0108250A266C00D4FE8F /* Resources */,
			);
			buildRules = (
			);
			dependencies = (
				0E2C010C250A266C00D4FE8F /* PBXTargetDependency */,
			);
			name = abemaTVsampleTests;
			productName = abemaTVsampleTests;
			productReference = 0E2C010A250A266C00D4FE8F /* abemaTVsampleTests.xctest */;
			productType = "com.apple.product-type.bundle.unit-test";
		};
		0E2C0114250A266C00D4FE8F /* abemaTVsampleUITests */ = {
			isa = PBXNativeTarget;
			buildConfigurationList = 0E2C0124250A266C00D4FE8F /* Build configuration list for PBXNativeTarget "abemaTVsampleUITests" */;
			buildPhases = (
				0E2C0111250A266C00D4FE8F /* Sources */,
				0E2C0112250A266C00D4FE8F /* Frameworks */,
				0E2C0113250A266C00D4FE8F /* Resources */,
			);
			buildRules = (
			);
			dependencies = (
				0E2C0117250A266C00D4FE8F /* PBXTargetDependency */,
			);
			name = abemaTVsampleUITests;
			productName = abemaTVsampleUITests;
			productReference = 0E2C0115250A266C00D4FE8F /* abemaTVsampleUITests.xctest */;
			productType = "com.apple.product-type.bundle.ui-testing";
		};
/* End PBXNativeTarget section */

/* Begin PBXProject section */
		0E2C00EC250A266A00D4FE8F /* Project object */ = {
			isa = PBXProject;
			attributes = {
				LastSwiftUpdateCheck = 1170;
				LastUpgradeCheck = 1170;
				ORGANIZATIONNAME = "Sousuke Ikemoto";
				TargetAttributes = {
					0E2C00F3250A266A00D4FE8F = {
						CreatedOnToolsVersion = 11.7;
					};
					0E2C0109250A266C00D4FE8F = {
						CreatedOnToolsVersion = 11.7;
						TestTargetID = 0E2C00F3250A266A00D4FE8F;
					};
					0E2C0114250A266C00D4FE8F = {
						CreatedOnToolsVersion = 11.7;
						TestTargetID = 0E2C00F3250A266A00D4FE8F;
					};
				};
			};
			buildConfigurationList = 0E2C00EF250A266A00D4FE8F /* Build configuration list for PBXProject "abemaTVsample" */;
			compatibilityVersion = "Xcode 9.3";
			developmentRegion = en;
			hasScannedForEncodings = 0;
			knownRegions = (
				en,
				Base,
			);
			mainGroup = 0E2C00EB250A266A00D4FE8F;
			productRefGroup = 0E2C00F5250A266A00D4FE8F /* Products */;
			projectDirPath = "";
			projectRoot = "";
			targets = (
				0E2C00F3250A266A00D4FE8F /* abemaTVsample */,
				0E2C0109250A266C00D4FE8F /* abemaTVsampleTests */,
				0E2C0114250A266C00D4FE8F /* abemaTVsampleUITests */,
			);
		};
/* End PBXProject section */

/* Begin PBXResourcesBuildPhase section */
		0E2C00F2250A266A00D4FE8F /* Resources */ = {
			isa = PBXResourcesBuildPhase;
			buildActionMask = 2147483647;
			files = (
				0E2C0104250A266C00D4FE8F /* LaunchScreen.storyboard in Resources */,
				0E2C0101250A266C00D4FE8F /* Assets.xcassets in Resources */,
				0E2C00FF250A266A00D4FE8F /* Main.storyboard in Resources */,
			);
			runOnlyForDeploymentPostprocessing = 0;
		};
		0E2C0108250A266C00D4FE8F /* Resources */ = {
			isa = PBXResourcesBuildPhase;
			buildActionMask = 2147483647;
			files = (
			);
			runOnlyForDeploymentPostprocessing = 0;
		};
		0E2C0113250A266C00D4FE8F /* Resources */ = {
			isa = PBXResourcesBuildPhase;
			buildActionMask = 2147483647;
			files = (
			);
			runOnlyForDeploymentPostprocessing = 0;
		};
/* End PBXResourcesBuildPhase section */

/* Begin PBXSourcesBuildPhase section */
		0E2C00F0250A266A00D4FE8F /* Sources */ = {
			isa = PBXSourcesBuildPhase;
			buildActionMask = 2147483647;
			files = (
				0E2C00FC250A266A00D4FE8F /* ViewController.swift in Sources */,
				0E2C00F8250A266A00D4FE8F /* AppDelegate.swift in Sources */,
				0E2C00FA250A266A00D4FE8F /* SceneDelegate.swift in Sources */,
			);
			runOnlyForDeploymentPostprocessing = 0;
		};
		0E2C0106250A266C00D4FE8F /* Sources */ = {
			isa = PBXSourcesBuildPhase;
			buildActionMask = 2147483647;
			files = (
				0E2C010F250A266C00D4FE8F /* abemaTVsampleTests.swift in Sources */,
			);
			runOnlyForDeploymentPostprocessing = 0;
		};
		0E2C0111250A266C00D4FE8F /* Sources */ = {
			isa = PBXSourcesBuildPhase;
			buildActionMask = 2147483647;
			files = (
				0E2C011A250A266C00D4FE8F /* abemaTVsampleUITests.swift in Sources */,
			);
			runOnlyForDeploymentPostprocessing = 0;
		};
/* End PBXSourcesBuildPhase section */

/* Begin PBXTargetDependency section */
		0E2C010C250A266C00D4FE8F /* PBXTargetDependency */ = {
			isa = PBXTargetDependency;
			target = 0E2C00F3250A266A00D4FE8F /* abemaTVsample */;
			targetProxy = 0E2C010B250A266C00D4FE8F /* PBXContainerItemProxy */;
		};
		0E2C0117250A266C00D4FE8F /* PBXTargetDependency */ = {
			isa = PBXTargetDependency;
			target = 0E2C00F3250A266A00D4FE8F /* abemaTVsample */;
			targetProxy = 0E2C0116250A266C00D4FE8F /* PBXContainerItemProxy */;
		};
/* End PBXTargetDependency section */

/* Begin PBXVariantGroup section */
		0E2C00FD250A266A00D4FE8F /* Main.storyboard */ = {
			isa = PBXVariantGroup;
			children = (
				0E2C00FE250A266A00D4FE8F /* Base */,
			);
			name = Main.storyboard;
			sourceTree = "<group>";
		};
		0E2C0102250A266C00D4FE8F /* LaunchScreen.storyboard */ = {
			isa = PBXVariantGroup;
			children = (
				0E2C0103250A266C00D4FE8F /* Base */,
			);
			name = LaunchScreen.storyboard;
			sourceTree = "<group>";
		};
/* End PBXVariantGroup section */

/* Begin XCBuildConfiguration section */
		0E2C011C250A266C00D4FE8F /* Debug */ = {
			isa = XCBuildConfiguration;
			buildSettings = {
				ALWAYS_SEARCH_USER_PATHS = NO;
				CLANG_ANALYZER_NONNULL = YES;
				CLANG_ANALYZER_NUMBER_OBJECT_CONVERSION = YES_AGGRESSIVE;
				CLANG_CXX_LANGUAGE_STANDARD = "gnu++14";
				CLANG_CXX_LIBRARY = "libc++";
				CLANG_ENABLE_MODULES = YES;
				CLANG_ENABLE_OBJC_ARC = YES;
				CLANG_ENABLE_OBJC_WEAK = YES;
				CLANG_WARN_BLOCK_CAPTURE_AUTORELEASING = YES;
				CLANG_WARN_BOOL_CONVERSION = YES;
				CLANG_WARN_COMMA = YES;
				CLANG_WARN_CONSTANT_CONVERSION = YES;
				CLANG_WARN_DEPRECATED_OBJC_IMPLEMENTATIONS = YES;
				CLANG_WARN_DIRECT_OBJC_ISA_USAGE = YES_ERROR;
				CLANG_WARN_DOCUMENTATION_COMMENTS = YES;
				CLANG_WARN_EMPTY_BODY = YES;
				CLANG_WARN_ENUM_CONVERSION = YES;
				CLANG_WARN_INFINITE_RECURSION = YES;
				CLANG_WARN_INT_CONVERSION = YES;
				CLANG_WARN_NON_LITERAL_NULL_CONVERSION = YES;
				CLANG_WARN_OBJC_IMPLICIT_RETAIN_SELF = YES;
				CLANG_WARN_OBJC_LITERAL_CONVERSION = YES;
				CLANG_WARN_OBJC_ROOT_CLASS = YES_ERROR;
				CLANG_WARN_RANGE_LOOP_ANALYSIS = YES;
				CLANG_WARN_STRICT_PROTOTYPES = YES;
				CLANG_WARN_SUSPICIOUS_MOVE = YES;
				CLANG_WARN_UNGUARDED_AVAILABILITY = YES_AGGRESSIVE;
				CLANG_WARN_UNREACHABLE_CODE = YES;
				CLANG_WARN__DUPLICATE_METHOD_MATCH = YES;
				COPY_PHASE_STRIP = NO;
				DEBUG_INFORMATION_FORMAT = dwarf;
				ENABLE_STRICT_OBJC_MSGSEND = YES;
				ENABLE_TESTABILITY = YES;
				GCC_C_LANGUAGE_STANDARD = gnu11;
				GCC_DYNAMIC_NO_PIC = NO;
				GCC_NO_COMMON_BLOCKS = YES;
				GCC_OPTIMIZATION_LEVEL = 0;
				GCC_PREPROCESSOR_DEFINITIONS = (
					"DEBUG=1",
					"$(inherited)",
				);
				GCC_WARN_64_TO_32_BIT_CONVERSION = YES;
				GCC_WARN_ABOUT_RETURN_TYPE = YES_ERROR;
				GCC_WARN_UNDECLARED_SELECTOR = YES;
				GCC_WARN_UNINITIALIZED_AUTOS = YES_AGGRESSIVE;
				GCC_WARN_UNUSED_FUNCTION = YES;
				GCC_WARN_UNUSED_VARIABLE = YES;
				IPHONEOS_DEPLOYMENT_TARGET = 13.7;
				MTL_ENABLE_DEBUG_INFO = INCLUDE_SOURCE;
				MTL_FAST_MATH = YES;
				ONLY_ACTIVE_ARCH = YES;
				SDKROOT = iphoneos;
				SWIFT_ACTIVE_COMPILATION_CONDITIONS = DEBUG;
				SWIFT_OPTIMIZATION_LEVEL = "-Onone";
			};
			name = Debug;
		};
		0E2C011D250A266C00D4FE8F /* Release */ = {
			isa = XCBuildConfiguration;
			buildSettings = {
				ALWAYS_SEARCH_USER_PATHS = NO;
				CLANG_ANALYZER_NONNULL = YES;
				CLANG_ANALYZER_NUMBER_OBJECT_CONVERSION = YES_AGGRESSIVE;
				CLANG_CXX_LANGUAGE_STANDARD = "gnu++14";
				CLANG_CXX_LIBRARY = "libc++";
				CLANG_ENABLE_MODULES = YES;
				CLANG_ENABLE_OBJC_ARC = YES;
				CLANG_ENABLE_OBJC_WEAK = YES;
				CLANG_WARN_BLOCK_CAPTURE_AUTORELEASING = YES;
				CLANG_WARN_BOOL_CONVERSION = YES;
				CLANG_WARN_COMMA = YES;
				CLANG_WARN_CONSTANT_CONVERSION = YES;
				CLANG_WARN_DEPRECATED_OBJC_IMPLEMENTATIONS = YES;
				CLANG_WARN_DIRECT_OBJC_ISA_USAGE = YES_ERROR;
				CLANG_WARN_DOCUMENTATION_COMMENTS = YES;
				CLANG_WARN_EMPTY_BODY = YES;
				CLANG_WARN_ENUM_CONVERSION = YES;
				CLANG_WARN_INFINITE_RECURSION = YES;
				CLANG_WARN_INT_CONVERSION = YES;
				CLANG_WARN_NON_LITERAL_NULL_CONVERSION = YES;
				CLANG_WARN_OBJC_IMPLICIT_RETAIN_SELF = YES;
				CLANG_WARN_OBJC_LITERAL_CONVERSION = YES;
				CLANG_WARN_OBJC_ROOT_CLASS = YES_ERROR;
				CLANG_WARN_RANGE_LOOP_ANALYSIS = YES;
				CLANG_WARN_STRICT_PROTOTYPES = YES;
				CLANG_WARN_SUSPICIOUS_MOVE = YES;
				CLANG_WARN_UNGUARDED_AVAILABILITY = YES_AGGRESSIVE;
				CLANG_WARN_UNREACHABLE_CODE = YES;
				CLANG_WARN__DUPLICATE_METHOD_MATCH = YES;
				COPY_PHASE_STRIP = NO;
				DEBUG_INFORMATION_FORMAT = "dwarf-with-dsym";
				ENABLE_NS_ASSERTIONS = NO;
				ENABLE_STRICT_OBJC_MSGSEND = YES;
				GCC_C_LANGUAGE_STANDARD = gnu11;
				GCC_NO_COMMON_BLOCKS = YES;
				GCC_WARN_64_TO_32_BIT_CONVERSION = YES;
				GCC_WARN_ABOUT_RETURN_TYPE = YES_ERROR;
				GCC_WARN_UNDECLARED_SELECTOR = YES;
				GCC_WARN_UNINITIALIZED_AUTOS = YES_AGGRESSIVE;
				GCC_WARN_UNUSED_FUNCTION = YES;
				GCC_WARN_UNUSED_VARIABLE = YES;
				IPHONEOS_DEPLOYMENT_TARGET = 13.7;
				MTL_ENABLE_DEBUG_INFO = NO;
				MTL_FAST_MATH = YES;
				SDKROOT = iphoneos;
				SWIFT_COMPILATION_MODE = wholemodule;
				SWIFT_OPTIMIZATION_LEVEL = "-O";
				VALIDATE_PRODUCT = YES;
			};
			name = Release;
		};
		0E2C011F250A266C00D4FE8F /* Debug */ = {
			isa = XCBuildConfiguration;
			buildSettings = {
				ASSETCATALOG_COMPILER_APPICON_NAME = AppIcon;
				CODE_SIGN_STYLE = Automatic;
				INFOPLIST_FILE = abemaTVsample/Info.plist;
				LD_RUNPATH_SEARCH_PATHS = (
					"$(inherited)",
					"@executable_path/Frameworks",
				);
				PRODUCT_BUNDLE_IDENTIFIER = a.abemaTVsample;
				PRODUCT_NAME = "$(TARGET_NAME)";
				SWIFT_VERSION = 5.0;
				TARGETED_DEVICE_FAMILY = "1,2";
			};
			name = Debug;
		};
		0E2C0120250A266C00D4FE8F /* Release */ = {
			isa = XCBuildConfiguration;
			buildSettings = {
				ASSETCATALOG_COMPILER_APPICON_NAME = AppIcon;
				CODE_SIGN_STYLE = Automatic;
				INFOPLIST_FILE = abemaTVsample/Info.plist;
				LD_RUNPATH_SEARCH_PATHS = (
					"$(inherited)",
					"@executable_path/Frameworks",
				);
				PRODUCT_BUNDLE_IDENTIFIER = a.abemaTVsample;
				PRODUCT_NAME = "$(TARGET_NAME)";
				SWIFT_VERSION = 5.0;
				TARGETED_DEVICE_FAMILY = "1,2";
			};
			name = Release;
		};
		0E2C0122250A266C00D4FE8F /* Debug */ = {
			isa = XCBuildConfiguration;
			buildSettings = {
				ALWAYS_EMBED_SWIFT_STANDARD_LIBRARIES = YES;
				BUNDLE_LOADER = "$(TEST_HOST)";
				CODE_SIGN_STYLE = Automatic;
				INFOPLIST_FILE = abemaTVsampleTests/Info.plist;
				IPHONEOS_DEPLOYMENT_TARGET = 13.7;
				LD_RUNPATH_SEARCH_PATHS = (
					"$(inherited)",
					"@executable_path/Frameworks",
					"@loader_path/Frameworks",
				);
				PRODUCT_BUNDLE_IDENTIFIER = a.abemaTVsampleTests;
				PRODUCT_NAME = "$(TARGET_NAME)";
				SWIFT_VERSION = 5.0;
				TARGETED_DEVICE_FAMILY = "1,2";
				TEST_HOST = "$(BUILT_PRODUCTS_DIR)/abemaTVsample.app/abemaTVsample";
			};
			name = Debug;
		};
		0E2C0123250A266C00D4FE8F /* Release */ = {
			isa = XCBuildConfiguration;
			buildSettings = {
				ALWAYS_EMBED_SWIFT_STANDARD_LIBRARIES = YES;
				BUNDLE_LOADER = "$(TEST_HOST)";
				CODE_SIGN_STYLE = Automatic;
				INFOPLIST_FILE = abemaTVsampleTests/Info.plist;
				IPHONEOS_DEPLOYMENT_TARGET = 13.7;
				LD_RUNPATH_SEARCH_PATHS = (
					"$(inherited)",
					"@executable_path/Frameworks",
					"@loader_path/Frameworks",
				);
				PRODUCT_BUNDLE_IDENTIFIER = a.abemaTVsampleTests;
				PRODUCT_NAME = "$(TARGET_NAME)";
				SWIFT_VERSION = 5.0;
				TARGETED_DEVICE_FAMILY = "1,2";
				TEST_HOST = "$(BUILT_PRODUCTS_DIR)/abemaTVsample.app/abemaTVsample";
			};
			name = Release;
		};
		0E2C0125250A266C00D4FE8F /* Debug */ = {
			isa = XCBuildConfiguration;
			buildSettings = {
				ALWAYS_EMBED_SWIFT_STANDARD_LIBRARIES = YES;
				CODE_SIGN_STYLE = Automatic;
				INFOPLIST_FILE = abemaTVsampleUITests/Info.plist;
				LD_RUNPATH_SEARCH_PATHS = (
					"$(inherited)",
					"@executable_path/Frameworks",
					"@loader_path/Frameworks",
				);
				PRODUCT_BUNDLE_IDENTIFIER = a.abemaTVsampleUITests;
				PRODUCT_NAME = "$(TARGET_NAME)";
				SWIFT_VERSION = 5.0;
				TARGETED_DEVICE_FAMILY = "1,2";
				TEST_TARGET_NAME = abemaTVsample;
			};
			name = Debug;
		};
		0E2C0126250A266C00D4FE8F /* Release */ = {
			isa = XCBuildConfiguration;
			buildSettings = {
				ALWAYS_EMBED_SWIFT_STANDARD_LIBRARIES = YES;
				CODE_SIGN_STYLE = Automatic;
				INFOPLIST_FILE = abemaTVsampleUITests/Info.plist;
				LD_RUNPATH_SEARCH_PATHS = (
					"$(inherited)",
					"@executable_path/Frameworks",
					"@loader_path/Frameworks",
				);
				PRODUCT_BUNDLE_IDENTIFIER = a.abemaTVsampleUITests;
				PRODUCT_NAME = "$(TARGET_NAME)";
				SWIFT_VERSION = 5.0;
				TARGETED_DEVICE_FAMILY = "1,2";
				TEST_TARGET_NAME = abemaTVsample;
			};
			name = Release;
		};
/* End XCBuildConfiguration section */

/* Begin XCConfigurationList section */
		0E2C00EF250A266A00D4FE8F /* Build configuration list for PBXProject "abemaTVsample" */ = {
			isa = XCConfigurationList;
			buildConfigurations = (
				0E2C011C250A266C00D4FE8F /* Debug */,
				0E2C011D250A266C00D4FE8F /* Release */,
			);
			defaultConfigurationIsVisible = 0;
			defaultConfigurationName = Release;
		};
		0E2C011E250A266C00D4FE8F /* Build configuration list for PBXNativeTarget "abemaTVsample" */ = {
			isa = XCConfigurationList;
			buildConfigurations = (
				0E2C011F250A266C00D4FE8F /* Debug */,
				0E2C0120250A266C00D4FE8F /* Release */,
			);
			defaultConfigurationIsVisible = 0;
			defaultConfigurationName = Release;
		};
		0E2C0121250A266C00D4FE8F /* Build configuration list for PBXNativeTarget "abemaTVsampleTests" */ = {
			isa = XCConfigurationList;
			buildConfigurations = (
				0E2C0122250A266C00D4FE8F /* Debug */,
				0E2C0123250A266C00D4FE8F /* Release */,
			);
			defaultConfigurationIsVisible = 0;
			defaultConfigurationName = Release;
		};
		0E2C0124250A266C00D4FE8F /* Build configuration list for PBXNativeTarget "abemaTVsampleUITests" */ = {
			isa = XCConfigurationList;
			buildConfigurations = (
				0E2C0125250A266C00D4FE8F /* Debug */,
				0E2C0126250A266C00D4FE8F /* Release */,
			);
			defaultConfigurationIsVisible = 0;
			defaultConfigurationName = Release;
		};
/* End XCConfigurationList section */
	};
	rootObject = 0E2C00EC250A266A00D4FE8F /* Project object */;
}
